
Microsoft Visual Studio Solution File, Format Version 12.00
# Visual Studio Version 16
VisualStudioVersion = 16.0.29326.143
MinimumVisualStudioVersion = 10.0.40219.1
Project("{FAE04EC0-301F-11D3-BF4B-00C04F79EFBC}") = "AlgorithmCpuBenchmark", "AlgorithmCpuBenchmark.csproj", "{9BF9DF38-63AD-44E3-9B9A-9D770D328ACC}"
EndProject
Project("{FAE04EC0-301F-11D3-BF4B-00C04F79EFBC}") = "AlgorithmCpuBenchmarkTests", "..\AlgorithmCpuBenchmarkTests\AlgorithmCpuBenchmarkTests.csproj", "{DBE186ED-575B-4C38-B35F-01FC3C3BF269}"
EndProject
Global
	GlobalSection(SolutionConfigurationPlatforms) = preSolution
		Debug|Any CPU = Debug|Any CPU
		Release|Any CPU = Release|Any CPU
	EndGlobalSection
	GlobalSection(ProjectConfigurationPlatforms) = postSolution
		{9BF9DF38-63AD-44E3-9B9A-9D770D328ACC}.Debug|Any CPU.ActiveCfg = Debug|Any CPU
		{9BF9DF38-63AD-44E3-9B9A-9D770D328ACC}.Debug|Any CPU.Build.0 = Debug|Any CPU
		{9BF9DF38-63AD-44E3-9B9A-9D770D328ACC}.Release|Any CPU.ActiveCfg = Release|Any CPU
		{9BF9DF38-63AD-44E3-9B9A-9D770D328ACC}.Release|Any CPU.Build.0 = Release|Any CPU
		{DBE186ED-575B-4C38-B35F-01FC3C3BF269}.Debug|Any CPU.ActiveCfg = Debug|Any CPU
		{DBE186ED-575B-4C38-B35F-01FC3C3BF269}.Debug|Any CPU.Build.0 = Debug|Any CPU
		{DBE186ED-575B-4C38-B35F-01FC3C3BF269}.Release|Any CPU.ActiveCfg = Release|Any CPU
		{DBE186ED-575B-4C38-B35F-01FC3C3BF269}.Release|Any CPU.Build.0 = Release|Any CPU
	EndGlobalSection
	GlobalSection(SolutionProperties) = preSolution
		HideSolutionNode = FALSE
	EndGlobalSection
	GlobalSection(ExtensibilityGlobals) = postSolution
		SolutionGuid = {0BBA4BBC-4791-41DF-B99E-E88CA022DF38}
	EndGlobalSection
EndGlobal
